
Microsoft Visual Studio Solution File, Format Version 12.00
Project("{FAE04EC0-301F-11D3-BF4B-00C04F79EFBC}") = "17.04", "17.04\17.04.csproj", "{6615A996-33D1-42A8-9C70-5F540B5645CF}"
EndProject
Global
	GlobalSection(SolutionConfigurationPlatforms) = preSolution
		Debug|Any CPU = Debug|Any CPU
		Release|Any CPU = Release|Any CPU
	EndGlobalSection
	GlobalSection(ProjectConfigurationPlatforms) = postSolution
		{6615A996-33D1-42A8-9C70-5F540B5645CF}.Debug|Any CPU.ActiveCfg = Debug|Any CPU
		{6615A996-33D1-42A8-9C70-5F540B5645CF}.Debug|Any CPU.Build.0 = Debug|Any CPU
		{6615A996-33D1-42A8-9C70-5F540B5645CF}.Release|Any CPU.ActiveCfg = Release|Any CPU
		{6615A996-33D1-42A8-9C70-5F540B5645CF}.Release|Any CPU.Build.0 = Release|Any CPU
	EndGlobalSection
EndGlobal
